
Microsoft Visual Studio Solution File, Format Version 12.00
# Visual Studio 15
VisualStudioVersion = 15.0.27703.2042
MinimumVisualStudioVersion = 10.0.40219.1
Project("{E24C65DC-7377-472B-9ABA-BC803B73C61A}") = "CoffeeDemo.Web", "CoffeeDemo.Web\", "{54F5E1C2-36E8-45AE-9567-93181D8EC9C6}"
	ProjectSection(WebsiteProperties) = preProject
		TargetFrameworkMoniker = ".NETFramework,Version%3Dv4.6.1"
		Debug.AspNetCompiler.VirtualPath = "/localhost_56517"
		Debug.AspNetCompiler.PhysicalPath = "CoffeeDemo.Web\"
		Debug.AspNetCompiler.TargetPath = "PrecompiledWeb\localhost_56517\"
		Debug.AspNetCompiler.Updateable = "true"
		Debug.AspNetCompiler.ForceOverwrite = "true"
		Debug.AspNetCompiler.FixedNames = "false"
		Debug.AspNetCompiler.Debug = "True"
		Release.AspNetCompiler.VirtualPath = "/localhost_56517"
		Release.AspNetCompiler.PhysicalPath = "CoffeeDemo.Web\"
		Release.AspNetCompiler.TargetPath = "PrecompiledWeb\localhost_56517\"
		Release.AspNetCompiler.Updateable = "true"
		Release.AspNetCompiler.ForceOverwrite = "true"
		Release.AspNetCompiler.FixedNames = "false"
		Release.AspNetCompiler.Debug = "False"
		VWDPort = "56517"
		SlnRelativePath = "CoffeeDemo.Web\"
		DefaultWebSiteLanguage = "Visual C#"
	EndProjectSection
EndProject
Global
	GlobalSection(SolutionConfigurationPlatforms) = preSolution
		Debug|Any CPU = Debug|Any CPU
	EndGlobalSection
	GlobalSection(ProjectConfigurationPlatforms) = postSolution
		{54F5E1C2-36E8-45AE-9567-93181D8EC9C6}.Debug|Any CPU.ActiveCfg = Debug|Any CPU
		{54F5E1C2-36E8-45AE-9567-93181D8EC9C6}.Debug|Any CPU.Build.0 = Debug|Any CPU
	EndGlobalSection
	GlobalSection(SolutionProperties) = preSolution
		HideSolutionNode = FALSE
	EndGlobalSection
	GlobalSection(ExtensibilityGlobals) = postSolution
		SolutionGuid = {2D21A33B-8D59-40EF-A477-4E97F49A2234}
	EndGlobalSection
EndGlobal
